{
  "name": "cross-acct",
  "version": "1.0.0",
  "lockfileVersion": 2,
  "requires": true,
  "packages": {
    "": {
      "name": "cross-acct",
      "version": "1.0.0",
      "license": "CC0-1.0",
      "devDependencies": {
        "lodash": "^4.17.20",
        "serverless-iam-helper": "file:../../plugins/serverless-iam-helper"
      }
    },
    "../../plugins/serverless-iam-helper": {
      "version": "1.0.0",
      "dev": true,
      "license": "CC0-1.0",
      "dependencies": {
        "lodash": "^4.17.21"
      },
      "devDependencies": {},
      "engines": {
        "node": ">=10.0"
      },
      "peerDependencies": {
        "serverless": "3.x"
      }
    },
    "node_modules/lodash": {
      "version": "4.17.21",
      "resolved": "https://registry.npmjs.org/lodash/-/lodash-4.17.21.tgz",
      "integrity": "sha512-v2kDEe57lecTulaDIuNTPy3Ry4gLGJ6Z1O3vE1krgXZNrsQ+LFTGHVxVjcXPs17LhbZVGedAJv8XZ1tvj5FvSg==",
      "dev": true
    },
    "node_modules/serverless-iam-helper": {
      "resolved": "../../plugins/serverless-iam-helper",
      "link": true
    }
  },
  "dependencies": {
    "lodash": {
      "version": "4.17.21",
      "resolved": "https://registry.npmjs.org/lodash/-/lodash-4.17.21.tgz",
      "integrity": "sha512-v2kDEe57lecTulaDIuNTPy3Ry4gLGJ6Z1O3vE1krgXZNrsQ+LFTGHVxVjcXPs17LhbZVGedAJv8XZ1tvj5FvSg==",
      "dev": true
    },
    "serverless-iam-helper": {
      "version": "file:../../plugins/serverless-iam-helper",
      "requires": {
        "lodash": "^4.17.21"
      }
    }
  }
}
