{
  "name": "macpro-quickstart-serverless",
  "version": "1.0.0",
  "lockfileVersion": 1,
  "requires": true,
  "dependencies": {
    "eslint-plugin-react-hooks": {
      "version": "4.2.0",
      "resolved": "https://registry.npmjs.org/eslint-plugin-react-hooks/-/eslint-plugin-react-hooks-4.2.0.tgz",
      "integrity": "sha512-623WEiZJqxR7VdxFCKLI6d6LLpwJkGPYKODnkH3D7WpOG5KM8yWueBd8TLsNAetEJNF5iJmolaAKO3F8yzyVBQ==",
      "dev": true
    }
  }
}
